
Microsoft Visual Studio Solution File, Format Version 12.00
# Visual Studio Version 18
VisualStudioVersion = 18.1.11312.151
MinimumVisualStudioVersion = 10.0.40219.1
Project("{2150E333-8FDC-42A3-9474-1A3956D46DE8}") = "API", "API", "{AF4ABDDC-8B77-48F3-AEFA-C14D3FEC359C}"
EndProject
Project("{2150E333-8FDC-42A3-9474-1A3956D46DE8}") = "Core", "Core", "{4371456A-1721-49A7-AB72-14A06A7B5DC5}"
EndProject
Project("{2150E333-8FDC-42A3-9474-1A3956D46DE8}") = "HMI", "HMI", "{D116F7C4-DCD3-4B20-99E8-DF161A64A2A3}"
EndProject
Project("{2150E333-8FDC-42A3-9474-1A3956D46DE8}") = "Platform", "Platform", "{625A5FB2-AB0C-4173-98B5-11F74BB6BD71}"
EndProject
Project("{2150E333-8FDC-42A3-9474-1A3956D46DE8}") = "Library", "Library", "{831014FA-7BE9-4B77-873A-AA61A284E34C}"
EndProject
Project("{2150E333-8FDC-42A3-9474-1A3956D46DE8}") = "ImageProcessing", "ImageProcessing", "{7B9A760A-C3C0-4E33-A1D4-CA0FAD839D75}"
EndProject
Project("{2150E333-8FDC-42A3-9474-1A3956D46DE8}") = "MTF", "MTF", "{E35E5342-C664-40CE-B7B2-8B542CAC431C}"
EndProject
Project("{FAE04EC0-301F-11D3-BF4B-00C04F79EFBC}") = "Camera", "Optical\Core\Camera\Optical.Core.Camera\Camera.csproj", "{6FE8C171-8B7D-4590-A808-5E0D78345C12}"
	ProjectSection(ProjectDependencies) = postProject
		{CD39A214-C3A5-4A2B-BD3B-6F2CEAEF29D5} = {CD39A214-C3A5-4A2B-BD3B-6F2CEAEF29D5}
	EndProjectSection
EndProject
Project("{2150E333-8FDC-42A3-9474-1A3956D46DE8}") = "Camera", "Camera", "{7802A4DD-1461-46DA-B786-C983CDAD2AA6}"
EndProject
Project("{FAE04EC0-301F-11D3-BF4B-00C04F79EFBC}") = "Structs", "Optical\Platform\Structs\Optical.Platform.Structs\Structs.csproj", "{64E4C038-E050-4A11-847E-73A6DD8E8690}"
EndProject
Project("{FAE04EC0-301F-11D3-BF4B-00C04F79EFBC}") = "Types", "Optical\Platform\Types\Optical.Platform.Types\Types.csproj", "{CD39A214-C3A5-4A2B-BD3B-6F2CEAEF29D5}"
EndProject
Project("{2150E333-8FDC-42A3-9474-1A3956D46DE8}") = "Beams", "Beams", "{A33A64D3-9695-436E-8FB9-0500CC54660D}"
EndProject
Project("{2150E333-8FDC-42A3-9474-1A3956D46DE8}") = "Wavefront", "Wavefront", "{E81A3D4C-1F6E-45C2-8C79-23D49E287DF5}"
EndProject
Project("{2150E333-8FDC-42A3-9474-1A3956D46DE8}") = "Beams", "Beams", "{843871A1-500B-4318-934D-48337C098664}"
EndProject
Project("{2150E333-8FDC-42A3-9474-1A3956D46DE8}") = "Wavefront", "Wavefront", "{84507180-32F2-4EE4-BEA1-92C86392D78C}"
EndProject
Project("{FAE04EC0-301F-11D3-BF4B-00C04F79EFBC}") = "WavefrontTester", "Optical\API\Wavefront\WavefrontViewer\WavefrontTester.csproj", "{711B676D-7E90-4584-B068-24CBAE64D2DD}"
EndProject
Project("{2150E333-8FDC-42A3-9474-1A3956D46DE8}") = "Autocollimator", "Autocollimator", "{578C835A-D29A-4959-BBEC-121AC29DB4BD}"
EndProject
Project("{2150E333-8FDC-42A3-9474-1A3956D46DE8}") = "Autocollimator", "Autocollimator", "{ED505B7D-D615-44A4-B871-B93564D8607C}"
EndProject
Project("{2150E333-8FDC-42A3-9474-1A3956D46DE8}") = "gRPC", "gRPC", "{891803D2-316E-41C5-9B85-93AF91A5AE24}"
EndProject
Project("{9A19103F-16F7-4668-BE54-9A1E7A4F7556}") = "AutocollimatorClient", "Optical\HMI\Autocollimator\gRPC\AutocollimatorClient\AutocollimatorClient.csproj", "{A0CED35E-A48B-42DE-91F6-18046BDE9988}"
EndProject
Project("{9A19103F-16F7-4668-BE54-9A1E7A4F7556}") = "AutocollimatorServer", "Optical\HMI\Autocollimator\gRPC\AutocollimatorServer\AutocollimatorServer.csproj", "{1F3361A4-7F14-4842-B317-341D6BA03A12}"
EndProject
Project("{FAE04EC0-301F-11D3-BF4B-00C04F79EFBC}") = "ImageProcessing", "Optical\API\Library\ImageProcessing\ImageProcessing\ImageProcessing.csproj", "{F15E8455-82B9-10ED-66D5-26D9C0615E49}"
EndProject
Project("{FAE04EC0-301F-11D3-BF4B-00C04F79EFBC}") = "WavefrontSensor", "Optical\API\Wavefront\WavefrontSensor\WavefrontSensor.csproj", "{16A0A22F-5A25-B256-119C-90B5CBE2BD43}"
EndProject
Project("{FAE04EC0-301F-11D3-BF4B-00C04F79EFBC}") = "Backup", "Optical\Platform\Backup\Optical.Platform.Backup\Backup.csproj", "{CA63ECD7-4CB4-7900-5A9E-627CEB7C6427}"
EndProject
Project("{FAE04EC0-301F-11D3-BF4B-00C04F79EFBC}") = "Mathematics", "Optical\Platform\Mathematics\Optical.Platform.Mathematics\Mathematics.csproj", "{360E0155-E27D-A7E2-7505-FB023A2118CF}"
EndProject
Project("{FAE04EC0-301F-11D3-BF4B-00C04F79EFBC}") = "Enums", "Optical\Platform\Enums\Optical.Enum\Enums.csproj", "{6B468E6F-F963-49AE-B35A-07B6A0981659}"
EndProject
Project("{FAE04EC0-301F-11D3-BF4B-00C04F79EFBC}") = "Device", "Optical\API\Library\Device\Device.csproj", "{B9C90C74-CA7E-4473-801E-B6C06E747EF6}"
EndProject
Project("{FAE04EC0-301F-11D3-BF4B-00C04F79EFBC}") = "Optics", "Optical\API\Library\Optics\Optics.csproj", "{D0EFB388-3845-4293-8018-DAE98698D660}"
EndProject
Project("{FAE04EC0-301F-11D3-BF4B-00C04F79EFBC}") = "Test.Camera", "Optical\Core\Camera\Test.Core.Camera\Test.Camera.csproj", "{3F897AD6-545F-0091-171A-D74D64EEA960}"
EndProject
Project("{FAE04EC0-301F-11D3-BF4B-00C04F79EFBC}") = "Test.ImageForm", "Optical\API\Library\ImageProcessing\Test.ImageForm\Test.ImageForm.csproj", "{1B10E567-02C0-4020-5F4B-9EC8ACF20560}"
EndProject
Project("{FAE04EC0-301F-11D3-BF4B-00C04F79EFBC}") = "MTF", "Optical\API\Library\MTF\MTF\MTF.csproj", "{9A4BB1C5-C8D3-4239-A220-AF44B878732C}"
EndProject
Project("{FAE04EC0-301F-11D3-BF4B-00C04F79EFBC}") = "Test.MTF", "Optical\API\Library\MTF\Test.MTF\Test.MTF.csproj", "{C1944C44-A556-4027-ADAD-F7A75B56C7AD}"
EndProject
Project("{FAE04EC0-301F-11D3-BF4B-00C04F79EFBC}") = "Autocollimator", "Optical\API\Autocollimator\Autocollimator\Autocollimator.csproj", "{C08FF5DE-E7A6-41E7-8DB7-8148466A1150}"
EndProject
Project("{FAE04EC0-301F-11D3-BF4B-00C04F79EFBC}") = "Beams", "Optical\API\Beams\Beams\Beams.csproj", "{A824AF18-50FF-4BD9-478C-A059AA32F095}"
EndProject
Project("{FAE04EC0-301F-11D3-BF4B-00C04F79EFBC}") = "Test.Beams", "Optical\API\Beams\Test.Beams\Test.Beams.csproj", "{774EE94A-730A-9409-A7FF-5D26D72769B1}"
EndProject
Project("{FAE04EC0-301F-11D3-BF4B-00C04F79EFBC}") = "Configuration", "Optical\HMI\Beams\Configuration\Configuration.csproj", "{E7BE1858-9E09-44BA-BD9C-96B0DC78C67F}"
EndProject
Project("{FAE04EC0-301F-11D3-BF4B-00C04F79EFBC}") = "WavefrontConfiguration", "Optical\HMI\Wavefront\WavefrontConfiguration\WavefrontConfiguration.csproj", "{5F0336EE-93F5-428E-A3E8-21EC01F6A85F}"
EndProject
Global
	GlobalSection(SolutionConfigurationPlatforms) = preSolution
		Debug|Any CPU = Debug|Any CPU
		Debug|x64 = Debug|x64
		Debug|x86 = Debug|x86
		Release|Any CPU = Release|Any CPU
		Release|x64 = Release|x64
		Release|x86 = Release|x86
	EndGlobalSection
	GlobalSection(ProjectConfigurationPlatforms) = postSolution
		{6FE8C171-8B7D-4590-A808-5E0D78345C12}.Debug|Any CPU.ActiveCfg = Debug|Any CPU
		{6FE8C171-8B7D-4590-A808-5E0D78345C12}.Debug|Any CPU.Build.0 = Debug|Any CPU
		{6FE8C171-8B7D-4590-A808-5E0D78345C12}.Debug|x64.ActiveCfg = Debug|x64
		{6FE8C171-8B7D-4590-A808-5E0D78345C12}.Debug|x64.Build.0 = Debug|x64
		{6FE8C171-8B7D-4590-A808-5E0D78345C12}.Debug|x86.ActiveCfg = Debug|Any CPU
		{6FE8C171-8B7D-4590-A808-5E0D78345C12}.Debug|x86.Build.0 = Debug|Any CPU
		{6FE8C171-8B7D-4590-A808-5E0D78345C12}.Release|Any CPU.ActiveCfg = Release|Any CPU
		{6FE8C171-8B7D-4590-A808-5E0D78345C12}.Release|Any CPU.Build.0 = Release|Any CPU
		{6FE8C171-8B7D-4590-A808-5E0D78345C12}.Release|x64.ActiveCfg = Release|x64
		{6FE8C171-8B7D-4590-A808-5E0D78345C12}.Release|x64.Build.0 = Release|x64
		{6FE8C171-8B7D-4590-A808-5E0D78345C12}.Release|x86.ActiveCfg = Release|Any CPU
		{6FE8C171-8B7D-4590-A808-5E0D78345C12}.Release|x86.Build.0 = Release|Any CPU
		{64E4C038-E050-4A11-847E-73A6DD8E8690}.Debug|Any CPU.ActiveCfg = Debug|Any CPU
		{64E4C038-E050-4A11-847E-73A6DD8E8690}.Debug|Any CPU.Build.0 = Debug|Any CPU
		{64E4C038-E050-4A11-847E-73A6DD8E8690}.Debug|x64.ActiveCfg = Debug|x64
		{64E4C038-E050-4A11-847E-73A6DD8E8690}.Debug|x64.Build.0 = Debug|x64
		{64E4C038-E050-4A11-847E-73A6DD8E8690}.Debug|x86.ActiveCfg = Debug|Any CPU
		{64E4C038-E050-4A11-847E-73A6DD8E8690}.Debug|x86.Build.0 = Debug|Any CPU
		{64E4C038-E050-4A11-847E-73A6DD8E8690}.Release|Any CPU.ActiveCfg = Release|Any CPU
		{64E4C038-E050-4A11-847E-73A6DD8E8690}.Release|Any CPU.Build.0 = Release|Any CPU
		{64E4C038-E050-4A11-847E-73A6DD8E8690}.Release|x64.ActiveCfg = Release|x64
		{64E4C038-E050-4A11-847E-73A6DD8E8690}.Release|x64.Build.0 = Release|x64
		{64E4C038-E050-4A11-847E-73A6DD8E8690}.Release|x86.ActiveCfg = Release|Any CPU
		{64E4C038-E050-4A11-847E-73A6DD8E8690}.Release|x86.Build.0 = Release|Any CPU
		{CD39A214-C3A5-4A2B-BD3B-6F2CEAEF29D5}.Debug|Any CPU.ActiveCfg = Debug|Any CPU
		{CD39A214-C3A5-4A2B-BD3B-6F2CEAEF29D5}.Debug|Any CPU.Build.0 = Debug|Any CPU
		{CD39A214-C3A5-4A2B-BD3B-6F2CEAEF29D5}.Debug|x64.ActiveCfg = Debug|x64
		{CD39A214-C3A5-4A2B-BD3B-6F2CEAEF29D5}.Debug|x64.Build.0 = Debug|x64
		{CD39A214-C3A5-4A2B-BD3B-6F2CEAEF29D5}.Debug|x86.ActiveCfg = Debug|Any CPU
		{CD39A214-C3A5-4A2B-BD3B-6F2CEAEF29D5}.Debug|x86.Build.0 = Debug|Any CPU
		{CD39A214-C3A5-4A2B-BD3B-6F2CEAEF29D5}.Release|Any CPU.ActiveCfg = Release|Any CPU
		{CD39A214-C3A5-4A2B-BD3B-6F2CEAEF29D5}.Release|Any CPU.Build.0 = Release|Any CPU
		{CD39A214-C3A5-4A2B-BD3B-6F2CEAEF29D5}.Release|x64.ActiveCfg = Release|x64
		{CD39A214-C3A5-4A2B-BD3B-6F2CEAEF29D5}.Release|x64.Build.0 = Release|x64
		{CD39A214-C3A5-4A2B-BD3B-6F2CEAEF29D5}.Release|x86.ActiveCfg = Release|Any CPU
		{CD39A214-C3A5-4A2B-BD3B-6F2CEAEF29D5}.Release|x86.Build.0 = Release|Any CPU
		{711B676D-7E90-4584-B068-24CBAE64D2DD}.Debug|Any CPU.ActiveCfg = Debug|Any CPU
		{711B676D-7E90-4584-B068-24CBAE64D2DD}.Debug|Any CPU.Build.0 = Debug|Any CPU
		{711B676D-7E90-4584-B068-24CBAE64D2DD}.Debug|x64.ActiveCfg = Debug|x64
		{711B676D-7E90-4584-B068-24CBAE64D2DD}.Debug|x64.Build.0 = Debug|x64
		{711B676D-7E90-4584-B068-24CBAE64D2DD}.Debug|x86.ActiveCfg = Debug|Any CPU
		{711B676D-7E90-4584-B068-24CBAE64D2DD}.Debug|x86.Build.0 = Debug|Any CPU
		{711B676D-7E90-4584-B068-24CBAE64D2DD}.Release|Any CPU.ActiveCfg = Release|Any CPU
		{711B676D-7E90-4584-B068-24CBAE64D2DD}.Release|Any CPU.Build.0 = Release|Any CPU
		{711B676D-7E90-4584-B068-24CBAE64D2DD}.Release|x64.ActiveCfg = Release|x64
		{711B676D-7E90-4584-B068-24CBAE64D2DD}.Release|x64.Build.0 = Release|x64
		{711B676D-7E90-4584-B068-24CBAE64D2DD}.Release|x86.ActiveCfg = Release|Any CPU
		{711B676D-7E90-4584-B068-24CBAE64D2DD}.Release|x86.Build.0 = Release|Any CPU
		{A0CED35E-A48B-42DE-91F6-18046BDE9988}.Debug|Any CPU.ActiveCfg = Debug|Any CPU
		{A0CED35E-A48B-42DE-91F6-18046BDE9988}.Debug|Any CPU.Build.0 = Debug|Any CPU
		{A0CED35E-A48B-42DE-91F6-18046BDE9988}.Debug|x64.ActiveCfg = Debug|Any CPU
		{A0CED35E-A48B-42DE-91F6-18046BDE9988}.Debug|x64.Build.0 = Debug|Any CPU
		{A0CED35E-A48B-42DE-91F6-18046BDE9988}.Debug|x86.ActiveCfg = Debug|Any CPU
		{A0CED35E-A48B-42DE-91F6-18046BDE9988}.Debug|x86.Build.0 = Debug|Any CPU
		{A0CED35E-A48B-42DE-91F6-18046BDE9988}.Release|Any CPU.ActiveCfg = Release|Any CPU
		{A0CED35E-A48B-42DE-91F6-18046BDE9988}.Release|Any CPU.Build.0 = Release|Any CPU
		{A0CED35E-A48B-42DE-91F6-18046BDE9988}.Release|x64.ActiveCfg = Release|Any CPU
		{A0CED35E-A48B-42DE-91F6-18046BDE9988}.Release|x64.Build.0 = Release|Any CPU
		{A0CED35E-A48B-42DE-91F6-18046BDE9988}.Release|x86.ActiveCfg = Release|Any CPU
		{A0CED35E-A48B-42DE-91F6-18046BDE9988}.Release|x86.Build.0 = Release|Any CPU
		{1F3361A4-7F14-4842-B317-341D6BA03A12}.Debug|Any CPU.ActiveCfg = Debug|Any CPU
		{1F3361A4-7F14-4842-B317-341D6BA03A12}.Debug|Any CPU.Build.0 = Debug|Any CPU
		{1F3361A4-7F14-4842-B317-341D6BA03A12}.Debug|x64.ActiveCfg = Debug|Any CPU
		{1F3361A4-7F14-4842-B317-341D6BA03A12}.Debug|x64.Build.0 = Debug|Any CPU
		{1F3361A4-7F14-4842-B317-341D6BA03A12}.Debug|x86.ActiveCfg = Debug|Any CPU
		{1F3361A4-7F14-4842-B317-341D6BA03A12}.Debug|x86.Build.0 = Debug|Any CPU
		{1F3361A4-7F14-4842-B317-341D6BA03A12}.Release|Any CPU.ActiveCfg = Release|Any CPU
		{1F3361A4-7F14-4842-B317-341D6BA03A12}.Release|Any CPU.Build.0 = Release|Any CPU
		{1F3361A4-7F14-4842-B317-341D6BA03A12}.Release|x64.ActiveCfg = Release|Any CPU
		{1F3361A4-7F14-4842-B317-341D6BA03A12}.Release|x64.Build.0 = Release|Any CPU
		{1F3361A4-7F14-4842-B317-341D6BA03A12}.Release|x86.ActiveCfg = Release|Any CPU
		{1F3361A4-7F14-4842-B317-341D6BA03A12}.Release|x86.Build.0 = Release|Any CPU
		{F15E8455-82B9-10ED-66D5-26D9C0615E49}.Debug|Any CPU.ActiveCfg = Debug|Any CPU
		{F15E8455-82B9-10ED-66D5-26D9C0615E49}.Debug|Any CPU.Build.0 = Debug|Any CPU
		{F15E8455-82B9-10ED-66D5-26D9C0615E49}.Debug|x64.ActiveCfg = Debug|Any CPU
		{F15E8455-82B9-10ED-66D5-26D9C0615E49}.Debug|x64.Build.0 = Debug|Any CPU
		{F15E8455-82B9-10ED-66D5-26D9C0615E49}.Debug|x86.ActiveCfg = Debug|Any CPU
		{F15E8455-82B9-10ED-66D5-26D9C0615E49}.Debug|x86.Build.0 = Debug|Any CPU
		{F15E8455-82B9-10ED-66D5-26D9C0615E49}.Release|Any CPU.ActiveCfg = Release|Any CPU
		{F15E8455-82B9-10ED-66D5-26D9C0615E49}.Release|Any CPU.Build.0 = Release|Any CPU
		{F15E8455-82B9-10ED-66D5-26D9C0615E49}.Release|x64.ActiveCfg = Release|Any CPU
		{F15E8455-82B9-10ED-66D5-26D9C0615E49}.Release|x64.Build.0 = Release|Any CPU
		{F15E8455-82B9-10ED-66D5-26D9C0615E49}.Release|x86.ActiveCfg = Release|Any CPU
		{F15E8455-82B9-10ED-66D5-26D9C0615E49}.Release|x86.Build.0 = Release|Any CPU
		{16A0A22F-5A25-B256-119C-90B5CBE2BD43}.Debug|Any CPU.ActiveCfg = Debug|Any CPU
		{16A0A22F-5A25-B256-119C-90B5CBE2BD43}.Debug|Any CPU.Build.0 = Debug|Any CPU
		{16A0A22F-5A25-B256-119C-90B5CBE2BD43}.Debug|x64.ActiveCfg = Debug|Any CPU
		{16A0A22F-5A25-B256-119C-90B5CBE2BD43}.Debug|x64.Build.0 = Debug|Any CPU
		{16A0A22F-5A25-B256-119C-90B5CBE2BD43}.Debug|x86.ActiveCfg = Debug|Any CPU
		{16A0A22F-5A25-B256-119C-90B5CBE2BD43}.Debug|x86.Build.0 = Debug|Any CPU
		{16A0A22F-5A25-B256-119C-90B5CBE2BD43}.Release|Any CPU.ActiveCfg = Release|Any CPU
		{16A0A22F-5A25-B256-119C-90B5CBE2BD43}.Release|Any CPU.Build.0 = Release|Any CPU
		{16A0A22F-5A25-B256-119C-90B5CBE2BD43}.Release|x64.ActiveCfg = Release|Any CPU
		{16A0A22F-5A25-B256-119C-90B5CBE2BD43}.Release|x64.Build.0 = Release|Any CPU
		{16A0A22F-5A25-B256-119C-90B5CBE2BD43}.Release|x86.ActiveCfg = Release|Any CPU
		{16A0A22F-5A25-B256-119C-90B5CBE2BD43}.Release|x86.Build.0 = Release|Any CPU
		{CA63ECD7-4CB4-7900-5A9E-627CEB7C6427}.Debug|Any CPU.ActiveCfg = Debug|Any CPU
		{CA63ECD7-4CB4-7900-5A9E-627CEB7C6427}.Debug|Any CPU.Build.0 = Debug|Any CPU
		{CA63ECD7-4CB4-7900-5A9E-627CEB7C6427}.Debug|x64.ActiveCfg = Debug|Any CPU
		{CA63ECD7-4CB4-7900-5A9E-627CEB7C6427}.Debug|x64.Build.0 = Debug|Any CPU
		{CA63ECD7-4CB4-7900-5A9E-627CEB7C6427}.Debug|x86.ActiveCfg = Debug|Any CPU
		{CA63ECD7-4CB4-7900-5A9E-627CEB7C6427}.Debug|x86.Build.0 = Debug|Any CPU
		{CA63ECD7-4CB4-7900-5A9E-627CEB7C6427}.Release|Any CPU.ActiveCfg = Release|Any CPU
		{CA63ECD7-4CB4-7900-5A9E-627CEB7C6427}.Release|Any CPU.Build.0 = Release|Any CPU
		{CA63ECD7-4CB4-7900-5A9E-627CEB7C6427}.Release|x64.ActiveCfg = Release|Any CPU
		{CA63ECD7-4CB4-7900-5A9E-627CEB7C6427}.Release|x64.Build.0 = Release|Any CPU
		{CA63ECD7-4CB4-7900-5A9E-627CEB7C6427}.Release|x86.ActiveCfg = Release|Any CPU
		{CA63ECD7-4CB4-7900-5A9E-627CEB7C6427}.Release|x86.Build.0 = Release|Any CPU
		{360E0155-E27D-A7E2-7505-FB023A2118CF}.Debug|Any CPU.ActiveCfg = Debug|Any CPU
		{360E0155-E27D-A7E2-7505-FB023A2118CF}.Debug|Any CPU.Build.0 = Debug|Any CPU
		{360E0155-E27D-A7E2-7505-FB023A2118CF}.Debug|x64.ActiveCfg = Debug|Any CPU
		{360E0155-E27D-A7E2-7505-FB023A2118CF}.Debug|x64.Build.0 = Debug|Any CPU
		{360E0155-E27D-A7E2-7505-FB023A2118CF}.Debug|x86.ActiveCfg = Debug|Any CPU
		{360E0155-E27D-A7E2-7505-FB023A2118CF}.Debug|x86.Build.0 = Debug|Any CPU
		{360E0155-E27D-A7E2-7505-FB023A2118CF}.Release|Any CPU.ActiveCfg = Release|Any CPU
		{360E0155-E27D-A7E2-7505-FB023A2118CF}.Release|Any CPU.Build.0 = Release|Any CPU
		{360E0155-E27D-A7E2-7505-FB023A2118CF}.Release|x64.ActiveCfg = Release|Any CPU
		{360E0155-E27D-A7E2-7505-FB023A2118CF}.Release|x64.Build.0 = Release|Any CPU
		{360E0155-E27D-A7E2-7505-FB023A2118CF}.Release|x86.ActiveCfg = Release|Any CPU
		{360E0155-E27D-A7E2-7505-FB023A2118CF}.Release|x86.Build.0 = Release|Any CPU
		{6B468E6F-F963-49AE-B35A-07B6A0981659}.Debug|Any CPU.ActiveCfg = Debug|Any CPU
		{6B468E6F-F963-49AE-B35A-07B6A0981659}.Debug|Any CPU.Build.0 = Debug|Any CPU
		{6B468E6F-F963-49AE-B35A-07B6A0981659}.Debug|x64.ActiveCfg = Debug|Any CPU
		{6B468E6F-F963-49AE-B35A-07B6A0981659}.Debug|x64.Build.0 = Debug|Any CPU
		{6B468E6F-F963-49AE-B35A-07B6A0981659}.Debug|x86.ActiveCfg = Debug|Any CPU
		{6B468E6F-F963-49AE-B35A-07B6A0981659}.Debug|x86.Build.0 = Debug|Any CPU
		{6B468E6F-F963-49AE-B35A-07B6A0981659}.Release|Any CPU.ActiveCfg = Release|Any CPU
		{6B468E6F-F963-49AE-B35A-07B6A0981659}.Release|Any CPU.Build.0 = Release|Any CPU
		{6B468E6F-F963-49AE-B35A-07B6A0981659}.Release|x64.ActiveCfg = Release|Any CPU
		{6B468E6F-F963-49AE-B35A-07B6A0981659}.Release|x64.Build.0 = Release|Any CPU
		{6B468E6F-F963-49AE-B35A-07B6A0981659}.Release|x86.ActiveCfg = Release|Any CPU
		{6B468E6F-F963-49AE-B35A-07B6A0981659}.Release|x86.Build.0 = Release|Any CPU
		{B9C90C74-CA7E-4473-801E-B6C06E747EF6}.Debug|Any CPU.ActiveCfg = Debug|Any CPU
		{B9C90C74-CA7E-4473-801E-B6C06E747EF6}.Debug|Any CPU.Build.0 = Debug|Any CPU
		{B9C90C74-CA7E-4473-801E-B6C06E747EF6}.Debug|x64.ActiveCfg = Debug|Any CPU
		{B9C90C74-CA7E-4473-801E-B6C06E747EF6}.Debug|x64.Build.0 = Debug|Any CPU
		{B9C90C74-CA7E-4473-801E-B6C06E747EF6}.Debug|x86.ActiveCfg = Debug|Any CPU
		{B9C90C74-CA7E-4473-801E-B6C06E747EF6}.Debug|x86.Build.0 = Debug|Any CPU
		{B9C90C74-CA7E-4473-801E-B6C06E747EF6}.Release|Any CPU.ActiveCfg = Release|Any CPU
		{B9C90C74-CA7E-4473-801E-B6C06E747EF6}.Release|Any CPU.Build.0 = Release|Any CPU
		{B9C90C74-CA7E-4473-801E-B6C06E747EF6}.Release|x64.ActiveCfg = Release|Any CPU
		{B9C90C74-CA7E-4473-801E-B6C06E747EF6}.Release|x64.Build.0 = Release|Any CPU
		{B9C90C74-CA7E-4473-801E-B6C06E747EF6}.Release|x86.ActiveCfg = Release|Any CPU
		{B9C90C74-CA7E-4473-801E-B6C06E747EF6}.Release|x86.Build.0 = Release|Any CPU
		{D0EFB388-3845-4293-8018-DAE98698D660}.Debug|Any CPU.ActiveCfg = Debug|Any CPU
		{D0EFB388-3845-4293-8018-DAE98698D660}.Debug|Any CPU.Build.0 = Debug|Any CPU
		{D0EFB388-3845-4293-8018-DAE98698D660}.Debug|x64.ActiveCfg = Debug|Any CPU
		{D0EFB388-3845-4293-8018-DAE98698D660}.Debug|x64.Build.0 = Debug|Any CPU
		{D0EFB388-3845-4293-8018-DAE98698D660}.Debug|x86.ActiveCfg = Debug|Any CPU
		{D0EFB388-3845-4293-8018-DAE98698D660}.Debug|x86.Build.0 = Debug|Any CPU
		{D0EFB388-3845-4293-8018-DAE98698D660}.Release|Any CPU.ActiveCfg = Release|Any CPU
		{D0EFB388-3845-4293-8018-DAE98698D660}.Release|Any CPU.Build.0 = Release|Any CPU
		{D0EFB388-3845-4293-8018-DAE98698D660}.Release|x64.ActiveCfg = Release|Any CPU
		{D0EFB388-3845-4293-8018-DAE98698D660}.Release|x64.Build.0 = Release|Any CPU
		{D0EFB388-3845-4293-8018-DAE98698D660}.Release|x86.ActiveCfg = Release|Any CPU
		{D0EFB388-3845-4293-8018-DAE98698D660}.Release|x86.Build.0 = Release|Any CPU
		{3F897AD6-545F-0091-171A-D74D64EEA960}.Debug|Any CPU.ActiveCfg = Debug|Any CPU
		{3F897AD6-545F-0091-171A-D74D64EEA960}.Debug|Any CPU.Build.0 = Debug|Any CPU
		{3F897AD6-545F-0091-171A-D74D64EEA960}.Debug|x64.ActiveCfg = Debug|Any CPU
		{3F897AD6-545F-0091-171A-D74D64EEA960}.Debug|x64.Build.0 = Debug|Any CPU
		{3F897AD6-545F-0091-171A-D74D64EEA960}.Debug|x86.ActiveCfg = Debug|Any CPU
		{3F897AD6-545F-0091-171A-D74D64EEA960}.Debug|x86.Build.0 = Debug|Any CPU
		{3F897AD6-545F-0091-171A-D74D64EEA960}.Release|Any CPU.ActiveCfg = Release|Any CPU
		{3F897AD6-545F-0091-171A-D74D64EEA960}.Release|Any CPU.Build.0 = Release|Any CPU
		{3F897AD6-545F-0091-171A-D74D64EEA960}.Release|x64.ActiveCfg = Release|Any CPU
		{3F897AD6-545F-0091-171A-D74D64EEA960}.Release|x64.Build.0 = Release|Any CPU
		{3F897AD6-545F-0091-171A-D74D64EEA960}.Release|x86.ActiveCfg = Release|Any CPU
		{3F897AD6-545F-0091-171A-D74D64EEA960}.Release|x86.Build.0 = Release|Any CPU
		{1B10E567-02C0-4020-5F4B-9EC8ACF20560}.Debug|Any CPU.ActiveCfg = Debug|Any CPU
		{1B10E567-02C0-4020-5F4B-9EC8ACF20560}.Debug|Any CPU.Build.0 = Debug|Any CPU
		{1B10E567-02C0-4020-5F4B-9EC8ACF20560}.Debug|x64.ActiveCfg = Debug|Any CPU
		{1B10E567-02C0-4020-5F4B-9EC8ACF20560}.Debug|x64.Build.0 = Debug|Any CPU
		{1B10E567-02C0-4020-5F4B-9EC8ACF20560}.Debug|x86.ActiveCfg = Debug|Any CPU
		{1B10E567-02C0-4020-5F4B-9EC8ACF20560}.Debug|x86.Build.0 = Debug|Any CPU
		{1B10E567-02C0-4020-5F4B-9EC8ACF20560}.Release|Any CPU.ActiveCfg = Release|Any CPU
		{1B10E567-02C0-4020-5F4B-9EC8ACF20560}.Release|Any CPU.Build.0 = Release|Any CPU
		{1B10E567-02C0-4020-5F4B-9EC8ACF20560}.Release|x64.ActiveCfg = Release|Any CPU
		{1B10E567-02C0-4020-5F4B-9EC8ACF20560}.Release|x64.Build.0 = Release|Any CPU
		{1B10E567-02C0-4020-5F4B-9EC8ACF20560}.Release|x86.ActiveCfg = Release|Any CPU
		{1B10E567-02C0-4020-5F4B-9EC8ACF20560}.Release|x86.Build.0 = Release|Any CPU
		{9A4BB1C5-C8D3-4239-A220-AF44B878732C}.Debug|Any CPU.ActiveCfg = Debug|Any CPU
		{9A4BB1C5-C8D3-4239-A220-AF44B878732C}.Debug|Any CPU.Build.0 = Debug|Any CPU
		{9A4BB1C5-C8D3-4239-A220-AF44B878732C}.Debug|x64.ActiveCfg = Debug|Any CPU
		{9A4BB1C5-C8D3-4239-A220-AF44B878732C}.Debug|x64.Build.0 = Debug|Any CPU
		{9A4BB1C5-C8D3-4239-A220-AF44B878732C}.Debug|x86.ActiveCfg = Debug|Any CPU
		{9A4BB1C5-C8D3-4239-A220-AF44B878732C}.Debug|x86.Build.0 = Debug|Any CPU
		{9A4BB1C5-C8D3-4239-A220-AF44B878732C}.Release|Any CPU.ActiveCfg = Release|Any CPU
		{9A4BB1C5-C8D3-4239-A220-AF44B878732C}.Release|Any CPU.Build.0 = Release|Any CPU
		{9A4BB1C5-C8D3-4239-A220-AF44B878732C}.Release|x64.ActiveCfg = Release|Any CPU
		{9A4BB1C5-C8D3-4239-A220-AF44B878732C}.Release|x64.Build.0 = Release|Any CPU
		{9A4BB1C5-C8D3-4239-A220-AF44B878732C}.Release|x86.ActiveCfg = Release|Any CPU
		{9A4BB1C5-C8D3-4239-A220-AF44B878732C}.Release|x86.Build.0 = Release|Any CPU
		{C1944C44-A556-4027-ADAD-F7A75B56C7AD}.Debug|Any CPU.ActiveCfg = Debug|Any CPU
		{C1944C44-A556-4027-ADAD-F7A75B56C7AD}.Debug|Any CPU.Build.0 = Debug|Any CPU
		{C1944C44-A556-4027-ADAD-F7A75B56C7AD}.Debug|x64.ActiveCfg = Debug|Any CPU
		{C1944C44-A556-4027-ADAD-F7A75B56C7AD}.Debug|x64.Build.0 = Debug|Any CPU
		{C1944C44-A556-4027-ADAD-F7A75B56C7AD}.Debug|x86.ActiveCfg = Debug|Any CPU
		{C1944C44-A556-4027-ADAD-F7A75B56C7AD}.Debug|x86.Build.0 = Debug|Any CPU
		{C1944C44-A556-4027-ADAD-F7A75B56C7AD}.Release|Any CPU.ActiveCfg = Release|Any CPU
		{C1944C44-A556-4027-ADAD-F7A75B56C7AD}.Release|Any CPU.Build.0 = Release|Any CPU
		{C1944C44-A556-4027-ADAD-F7A75B56C7AD}.Release|x64.ActiveCfg = Release|Any CPU
		{C1944C44-A556-4027-ADAD-F7A75B56C7AD}.Release|x64.Build.0 = Release|Any CPU
		{C1944C44-A556-4027-ADAD-F7A75B56C7AD}.Release|x86.ActiveCfg = Release|Any CPU
		{C1944C44-A556-4027-ADAD-F7A75B56C7AD}.Release|x86.Build.0 = Release|Any CPU
		{C08FF5DE-E7A6-41E7-8DB7-8148466A1150}.Debug|Any CPU.ActiveCfg = Debug|Any CPU
		{C08FF5DE-E7A6-41E7-8DB7-8148466A1150}.Debug|Any CPU.Build.0 = Debug|Any CPU
		{C08FF5DE-E7A6-41E7-8DB7-8148466A1150}.Debug|x64.ActiveCfg = Debug|Any CPU
		{C08FF5DE-E7A6-41E7-8DB7-8148466A1150}.Debug|x64.Build.0 = Debug|Any CPU
		{C08FF5DE-E7A6-41E7-8DB7-8148466A1150}.Debug|x86.ActiveCfg = Debug|Any CPU
		{C08FF5DE-E7A6-41E7-8DB7-8148466A1150}.Debug|x86.Build.0 = Debug|Any CPU
		{C08FF5DE-E7A6-41E7-8DB7-8148466A1150}.Release|Any CPU.ActiveCfg = Release|Any CPU
		{C08FF5DE-E7A6-41E7-8DB7-8148466A1150}.Release|Any CPU.Build.0 = Release|Any CPU
		{C08FF5DE-E7A6-41E7-8DB7-8148466A1150}.Release|x64.ActiveCfg = Release|Any CPU
		{C08FF5DE-E7A6-41E7-8DB7-8148466A1150}.Release|x64.Build.0 = Release|Any CPU
		{C08FF5DE-E7A6-41E7-8DB7-8148466A1150}.Release|x86.ActiveCfg = Release|Any CPU
		{C08FF5DE-E7A6-41E7-8DB7-8148466A1150}.Release|x86.Build.0 = Release|Any CPU
		{A824AF18-50FF-4BD9-478C-A059AA32F095}.Debug|Any CPU.ActiveCfg = Debug|Any CPU
		{A824AF18-50FF-4BD9-478C-A059AA32F095}.Debug|Any CPU.Build.0 = Debug|Any CPU
		{A824AF18-50FF-4BD9-478C-A059AA32F095}.Debug|x64.ActiveCfg = Debug|Any CPU
		{A824AF18-50FF-4BD9-478C-A059AA32F095}.Debug|x64.Build.0 = Debug|Any CPU
		{A824AF18-50FF-4BD9-478C-A059AA32F095}.Debug|x86.ActiveCfg = Debug|Any CPU
		{A824AF18-50FF-4BD9-478C-A059AA32F095}.Debug|x86.Build.0 = Debug|Any CPU
		{A824AF18-50FF-4BD9-478C-A059AA32F095}.Release|Any CPU.ActiveCfg = Release|Any CPU
		{A824AF18-50FF-4BD9-478C-A059AA32F095}.Release|Any CPU.Build.0 = Release|Any CPU
		{A824AF18-50FF-4BD9-478C-A059AA32F095}.Release|x64.ActiveCfg = Release|Any CPU
		{A824AF18-50FF-4BD9-478C-A059AA32F095}.Release|x64.Build.0 = Release|Any CPU
		{A824AF18-50FF-4BD9-478C-A059AA32F095}.Release|x86.ActiveCfg = Release|Any CPU
		{A824AF18-50FF-4BD9-478C-A059AA32F095}.Release|x86.Build.0 = Release|Any CPU
		{774EE94A-730A-9409-A7FF-5D26D72769B1}.Debug|Any CPU.ActiveCfg = Debug|Any CPU
		{774EE94A-730A-9409-A7FF-5D26D72769B1}.Debug|Any CPU.Build.0 = Debug|Any CPU
		{774EE94A-730A-9409-A7FF-5D26D72769B1}.Debug|x64.ActiveCfg = Debug|Any CPU
		{774EE94A-730A-9409-A7FF-5D26D72769B1}.Debug|x64.Build.0 = Debug|Any CPU
		{774EE94A-730A-9409-A7FF-5D26D72769B1}.Debug|x86.ActiveCfg = Debug|Any CPU
		{774EE94A-730A-9409-A7FF-5D26D72769B1}.Debug|x86.Build.0 = Debug|Any CPU
		{774EE94A-730A-9409-A7FF-5D26D72769B1}.Release|Any CPU.ActiveCfg = Release|Any CPU
		{774EE94A-730A-9409-A7FF-5D26D72769B1}.Release|Any CPU.Build.0 = Release|Any CPU
		{774EE94A-730A-9409-A7FF-5D26D72769B1}.Release|x64.ActiveCfg = Release|Any CPU
		{774EE94A-730A-9409-A7FF-5D26D72769B1}.Release|x64.Build.0 = Release|Any CPU
		{774EE94A-730A-9409-A7FF-5D26D72769B1}.Release|x86.ActiveCfg = Release|Any CPU
		{774EE94A-730A-9409-A7FF-5D26D72769B1}.Release|x86.Build.0 = Release|Any CPU
		{E7BE1858-9E09-44BA-BD9C-96B0DC78C67F}.Debug|Any CPU.ActiveCfg = Debug|Any CPU
		{E7BE1858-9E09-44BA-BD9C-96B0DC78C67F}.Debug|Any CPU.Build.0 = Debug|Any CPU
		{E7BE1858-9E09-44BA-BD9C-96B0DC78C67F}.Debug|x64.ActiveCfg = Debug|Any CPU
		{E7BE1858-9E09-44BA-BD9C-96B0DC78C67F}.Debug|x64.Build.0 = Debug|Any CPU
		{E7BE1858-9E09-44BA-BD9C-96B0DC78C67F}.Debug|x86.ActiveCfg = Debug|Any CPU
		{E7BE1858-9E09-44BA-BD9C-96B0DC78C67F}.Debug|x86.Build.0 = Debug|Any CPU
		{E7BE1858-9E09-44BA-BD9C-96B0DC78C67F}.Release|Any CPU.ActiveCfg = Release|Any CPU
		{E7BE1858-9E09-44BA-BD9C-96B0DC78C67F}.Release|Any CPU.Build.0 = Release|Any CPU
		{E7BE1858-9E09-44BA-BD9C-96B0DC78C67F}.Release|x64.ActiveCfg = Release|Any CPU
		{E7BE1858-9E09-44BA-BD9C-96B0DC78C67F}.Release|x64.Build.0 = Release|Any CPU
		{E7BE1858-9E09-44BA-BD9C-96B0DC78C67F}.Release|x86.ActiveCfg = Release|Any CPU
		{E7BE1858-9E09-44BA-BD9C-96B0DC78C67F}.Release|x86.Build.0 = Release|Any CPU
		{5F0336EE-93F5-428E-A3E8-21EC01F6A85F}.Debug|Any CPU.ActiveCfg = Debug|Any CPU
		{5F0336EE-93F5-428E-A3E8-21EC01F6A85F}.Debug|Any CPU.Build.0 = Debug|Any CPU
		{5F0336EE-93F5-428E-A3E8-21EC01F6A85F}.Debug|x64.ActiveCfg = Debug|Any CPU
		{5F0336EE-93F5-428E-A3E8-21EC01F6A85F}.Debug|x64.Build.0 = Debug|Any CPU
		{5F0336EE-93F5-428E-A3E8-21EC01F6A85F}.Debug|x86.ActiveCfg = Debug|Any CPU
		{5F0336EE-93F5-428E-A3E8-21EC01F6A85F}.Debug|x86.Build.0 = Debug|Any CPU
		{5F0336EE-93F5-428E-A3E8-21EC01F6A85F}.Release|Any CPU.ActiveCfg = Release|Any CPU
		{5F0336EE-93F5-428E-A3E8-21EC01F6A85F}.Release|Any CPU.Build.0 = Release|Any CPU
		{5F0336EE-93F5-428E-A3E8-21EC01F6A85F}.Release|x64.ActiveCfg = Release|Any CPU
		{5F0336EE-93F5-428E-A3E8-21EC01F6A85F}.Release|x64.Build.0 = Release|Any CPU
		{5F0336EE-93F5-428E-A3E8-21EC01F6A85F}.Release|x86.ActiveCfg = Release|Any CPU
		{5F0336EE-93F5-428E-A3E8-21EC01F6A85F}.Release|x86.Build.0 = Release|Any CPU
	EndGlobalSection
	GlobalSection(SolutionProperties) = preSolution
		HideSolutionNode = FALSE
	EndGlobalSection
	GlobalSection(NestedProjects) = preSolution
		{831014FA-7BE9-4B77-873A-AA61A284E34C} = {AF4ABDDC-8B77-48F3-AEFA-C14D3FEC359C}
		{7B9A760A-C3C0-4E33-A1D4-CA0FAD839D75} = {831014FA-7BE9-4B77-873A-AA61A284E34C}
		{E35E5342-C664-40CE-B7B2-8B542CAC431C} = {831014FA-7BE9-4B77-873A-AA61A284E34C}
		{6FE8C171-8B7D-4590-A808-5E0D78345C12} = {7802A4DD-1461-46DA-B786-C983CDAD2AA6}
		{7802A4DD-1461-46DA-B786-C983CDAD2AA6} = {4371456A-1721-49A7-AB72-14A06A7B5DC5}
		{64E4C038-E050-4A11-847E-73A6DD8E8690} = {625A5FB2-AB0C-4173-98B5-11F74BB6BD71}
		{CD39A214-C3A5-4A2B-BD3B-6F2CEAEF29D5} = {625A5FB2-AB0C-4173-98B5-11F74BB6BD71}
		{A33A64D3-9695-436E-8FB9-0500CC54660D} = {D116F7C4-DCD3-4B20-99E8-DF161A64A2A3}
		{E81A3D4C-1F6E-45C2-8C79-23D49E287DF5} = {D116F7C4-DCD3-4B20-99E8-DF161A64A2A3}
		{843871A1-500B-4318-934D-48337C098664} = {AF4ABDDC-8B77-48F3-AEFA-C14D3FEC359C}
		{84507180-32F2-4EE4-BEA1-92C86392D78C} = {AF4ABDDC-8B77-48F3-AEFA-C14D3FEC359C}
		{711B676D-7E90-4584-B068-24CBAE64D2DD} = {84507180-32F2-4EE4-BEA1-92C86392D78C}
		{578C835A-D29A-4959-BBEC-121AC29DB4BD} = {AF4ABDDC-8B77-48F3-AEFA-C14D3FEC359C}
		{ED505B7D-D615-44A4-B871-B93564D8607C} = {D116F7C4-DCD3-4B20-99E8-DF161A64A2A3}
		{891803D2-316E-41C5-9B85-93AF91A5AE24} = {ED505B7D-D615-44A4-B871-B93564D8607C}
		{A0CED35E-A48B-42DE-91F6-18046BDE9988} = {891803D2-316E-41C5-9B85-93AF91A5AE24}
		{1F3361A4-7F14-4842-B317-341D6BA03A12} = {891803D2-316E-41C5-9B85-93AF91A5AE24}
		{F15E8455-82B9-10ED-66D5-26D9C0615E49} = {7B9A760A-C3C0-4E33-A1D4-CA0FAD839D75}
		{16A0A22F-5A25-B256-119C-90B5CBE2BD43} = {84507180-32F2-4EE4-BEA1-92C86392D78C}
		{CA63ECD7-4CB4-7900-5A9E-627CEB7C6427} = {625A5FB2-AB0C-4173-98B5-11F74BB6BD71}
		{360E0155-E27D-A7E2-7505-FB023A2118CF} = {625A5FB2-AB0C-4173-98B5-11F74BB6BD71}
		{6B468E6F-F963-49AE-B35A-07B6A0981659} = {625A5FB2-AB0C-4173-98B5-11F74BB6BD71}
		{B9C90C74-CA7E-4473-801E-B6C06E747EF6} = {831014FA-7BE9-4B77-873A-AA61A284E34C}
		{D0EFB388-3845-4293-8018-DAE98698D660} = {831014FA-7BE9-4B77-873A-AA61A284E34C}
		{3F897AD6-545F-0091-171A-D74D64EEA960} = {7802A4DD-1461-46DA-B786-C983CDAD2AA6}
		{1B10E567-02C0-4020-5F4B-9EC8ACF20560} = {7B9A760A-C3C0-4E33-A1D4-CA0FAD839D75}
		{9A4BB1C5-C8D3-4239-A220-AF44B878732C} = {E35E5342-C664-40CE-B7B2-8B542CAC431C}
		{C1944C44-A556-4027-ADAD-F7A75B56C7AD} = {E35E5342-C664-40CE-B7B2-8B542CAC431C}
		{C08FF5DE-E7A6-41E7-8DB7-8148466A1150} = {578C835A-D29A-4959-BBEC-121AC29DB4BD}
		{A824AF18-50FF-4BD9-478C-A059AA32F095} = {843871A1-500B-4318-934D-48337C098664}
		{774EE94A-730A-9409-A7FF-5D26D72769B1} = {843871A1-500B-4318-934D-48337C098664}
		{E7BE1858-9E09-44BA-BD9C-96B0DC78C67F} = {A33A64D3-9695-436E-8FB9-0500CC54660D}
		{5F0336EE-93F5-428E-A3E8-21EC01F6A85F} = {E81A3D4C-1F6E-45C2-8C79-23D49E287DF5}
	EndGlobalSection
	GlobalSection(ExtensibilityGlobals) = postSolution
		SolutionGuid = {BC6F3B25-AA17-4456-B836-BD67DB603A85}
	EndGlobalSection
EndGlobal
